// !$*UTF8*$!
{
	archiveVersion = 1;
	classes = {
	};
	objectVersion = 73;
	objects = {

/* Begin PBXBuildFile section */
		C90837AF2C41994C00298241 /* MenuView.swift in Sources */ = {isa = PBXBuildFile; fileRef = C90837AE2C41994000298241 /* MenuView.swift */; };
		C90837B12C424F7800298241 /* ProfileView.swift in Sources */ = {isa = PBXBuildFile; fileRef = C90837B02C424F7700298241 /* ProfileView.swift */; };
		C90837B32C4252C900298241 /* RoutesView.swift in Sources */ = {isa = PBXBuildFile; fileRef = C90837B22C4252C900298241 /* RoutesView.swift */; };
		C9A458D02C3BBC87002B3403 /* Mi_MicroApp.swift in Sources */ = {isa = PBXBuildFile; fileRef = C9A458CF2C3BBC87002B3403 /* Mi_MicroApp.swift */; };
		C9A458D22C3BBC87002B3403 /* ContentView.swift in Sources */ = {isa = PBXBuildFile; fileRef = C9A458D12C3BBC87002B3403 /* ContentView.swift */; };
		C9A458D42C3BBC88002B3403 /* Assets.xcassets in Resources */ = {isa = PBXBuildFile; fileRef = C9A458D32C3BBC88002B3403 /* Assets.xcassets */; };
		C9A458D72C3BBC88002B3403 /* Preview Assets.xcassets in Resources */ = {isa = PBXBuildFile; fileRef = C9A458D62C3BBC88002B3403 /* Preview Assets.xcassets */; };
		C9A458E12C3BBC89002B3403 /* Mi_MicroTests.swift in Sources */ = {isa = PBXBuildFile; fileRef = C9A458E02C3BBC89002B3403 /* Mi_MicroTests.swift */; };
		C9A458EB2C3BBC89002B3403 /* Mi_MicroUITests.swift in Sources */ = {isa = PBXBuildFile; fileRef = C9A458EA2C3BBC89002B3403 /* Mi_MicroUITests.swift */; };
		C9A458ED2C3BBC89002B3403 /* Mi_MicroUITestsLaunchTests.swift in Sources */ = {isa = PBXBuildFile; fileRef = C9A458EC2C3BBC89002B3403 /* Mi_MicroUITestsLaunchTests.swift */; };
		C9A458FA2C3BBE87002B3403 /* README.md in Resources */ = {isa = PBXBuildFile; fileRef = C9A458F92C3BBE7C002B3403 /* README.md */; };
/* End PBXBuildFile section */

/* Begin PBXContainerItemProxy section */
		C9A458DD2C3BBC89002B3403 /* PBXContainerItemProxy */ = {
			isa = PBXContainerItemProxy;
			containerPortal = C9A458C42C3BBC87002B3403 /* Project object */;
			proxyType = 1;
			remoteGlobalIDString = C9A458CB2C3BBC87002B3403;
			remoteInfo = "Mi Micro";
		};
		C9A458E72C3BBC89002B3403 /* PBXContainerItemProxy */ = {
			isa = PBXContainerItemProxy;
			containerPortal = C9A458C42C3BBC87002B3403 /* Project object */;
			proxyType = 1;
			remoteGlobalIDString = C9A458CB2C3BBC87002B3403;
			remoteInfo = "Mi Micro";
		};
/* End PBXContainerItemProxy section */

/* Begin PBXFileReference section */
		C90837AE2C41994000298241 /* MenuView.swift */ = {isa = PBXFileReference; lastKnownFileType = sourcecode.swift; path = MenuView.swift; sourceTree = "<group>"; };
		C90837B02C424F7700298241 /* ProfileView.swift */ = {isa = PBXFileReference; lastKnownFileType = sourcecode.swift; path = ProfileView.swift; sourceTree = "<group>"; };
		C90837B22C4252C900298241 /* RoutesView.swift */ = {isa = PBXFileReference; lastKnownFileType = sourcecode.swift; path = RoutesView.swift; sourceTree = "<group>"; };
		C9A458CC2C3BBC87002B3403 /* Mi Micro.app */ = {isa = PBXFileReference; explicitFileType = wrapper.application; includeInIndex = 0; path = "Mi Micro.app"; sourceTree = BUILT_PRODUCTS_DIR; };
		C9A458CF2C3BBC87002B3403 /* Mi_MicroApp.swift */ = {isa = PBXFileReference; lastKnownFileType = sourcecode.swift; path = Mi_MicroApp.swift; sourceTree = "<group>"; };
		C9A458D12C3BBC87002B3403 /* ContentView.swift */ = {isa = PBXFileReference; lastKnownFileType = sourcecode.swift; path = ContentView.swift; sourceTree = "<group>"; };
		C9A458D32C3BBC88002B3403 /* Assets.xcassets */ = {isa = PBXFileReference; lastKnownFileType = folder.assetcatalog; path = Assets.xcassets; sourceTree = "<group>"; };
		C9A458D62C3BBC88002B3403 /* Preview Assets.xcassets */ = {isa = PBXFileReference; lastKnownFileType = folder.assetcatalog; path = "Preview Assets.xcassets"; sourceTree = "<group>"; };
		C9A458DC2C3BBC89002B3403 /* Mi MicroTests.xctest */ = {isa = PBXFileReference; explicitFileType = wrapper.cfbundle; includeInIndex = 0; path = "Mi MicroTests.xctest"; sourceTree = BUILT_PRODUCTS_DIR; };
		C9A458E02C3BBC89002B3403 /* Mi_MicroTests.swift */ = {isa = PBXFileReference; lastKnownFileType = sourcecode.swift; path = Mi_MicroTests.swift; sourceTree = "<group>"; };
		C9A458E62C3BBC89002B3403 /* Mi MicroUITests.xctest */ = {isa = PBXFileReference; explicitFileType = wrapper.cfbundle; includeInIndex = 0; path = "Mi MicroUITests.xctest"; sourceTree = BUILT_PRODUCTS_DIR; };
		C9A458EA2C3BBC89002B3403 /* Mi_MicroUITests.swift */ = {isa = PBXFileReference; lastKnownFileType = sourcecode.swift; path = Mi_MicroUITests.swift; sourceTree = "<group>"; };
		C9A458EC2C3BBC89002B3403 /* Mi_MicroUITestsLaunchTests.swift */ = {isa = PBXFileReference; lastKnownFileType = sourcecode.swift; path = Mi_MicroUITestsLaunchTests.swift; sourceTree = "<group>"; };
		C9A458F92C3BBE7C002B3403 /* README.md */ = {isa = PBXFileReference; lastKnownFileType = net.daringfireball.markdown; path = README.md; sourceTree = "<group>"; };
/* End PBXFileReference section */

/* Begin PBXFrameworksBuildPhase section */
		C9A458C92C3BBC87002B3403 /* Frameworks */ = {
			isa = PBXFrameworksBuildPhase;
			buildActionMask = 2147483647;
			files = (
			);
			runOnlyForDeploymentPostprocessing = 0;
		};
		C9A458D92C3BBC89002B3403 /* Frameworks */ = {
			isa = PBXFrameworksBuildPhase;
			buildActionMask = 2147483647;
			files = (
			);
			runOnlyForDeploymentPostprocessing = 0;
		};
		C9A458E32C3BBC89002B3403 /* Frameworks */ = {
			isa = PBXFrameworksBuildPhase;
			buildActionMask = 2147483647;
			files = (
			);
			runOnlyForDeploymentPostprocessing = 0;
		};
/* End PBXFrameworksBuildPhase section */

/* Begin PBXGroup section */
		C9A458C32C3BBC87002B3403 = {
			isa = PBXGroup;
			children = (
				C9A458CE2C3BBC87002B3403 /* Mi Micro */,
				C9A458DF2C3BBC89002B3403 /* Mi MicroTests */,
				C9A458E92C3BBC89002B3403 /* Mi MicroUITests */,
				C9A458CD2C3BBC87002B3403 /* Products */,
				C9A458F92C3BBE7C002B3403 /* README.md */,
			);
			sourceTree = "<group>";
		};
		C9A458CD2C3BBC87002B3403 /* Products */ = {
			isa = PBXGroup;
			children = (
				C9A458CC2C3BBC87002B3403 /* Mi Micro.app */,
				C9A458DC2C3BBC89002B3403 /* Mi MicroTests.xctest */,
				C9A458E62C3BBC89002B3403 /* Mi MicroUITests.xctest */,
			);
			name = Products;
			sourceTree = "<group>";
		};
		C9A458CE2C3BBC87002B3403 /* Mi Micro */ = {
			isa = PBXGroup;
			children = (
				C90837AE2C41994000298241 /* MenuView.swift */,
				C9A458CF2C3BBC87002B3403 /* Mi_MicroApp.swift */,
				C9A458D12C3BBC87002B3403 /* ContentView.swift */,
				C90837B02C424F7700298241 /* ProfileView.swift */,
				C9A458D32C3BBC88002B3403 /* Assets.xcassets */,
				C9A458D52C3BBC88002B3403 /* Preview Content */,
				C90837B22C4252C900298241 /* RoutesView.swift */,
			);
			path = "Mi Micro";
			sourceTree = "<group>";
		};
		C9A458D52C3BBC88002B3403 /* Preview Content */ = {
			isa = PBXGroup;
			children = (
				C9A458D62C3BBC88002B3403 /* Preview Assets.xcassets */,
			);
			path = "Preview Content";
			sourceTree = "<group>";
		};
		C9A458DF2C3BBC89002B3403 /* Mi MicroTests */ = {
			isa = PBXGroup;
			children = (
				C9A458E02C3BBC89002B3403 /* Mi_MicroTests.swift */,
			);
			path = "Mi MicroTests";
			sourceTree = "<group>";
		};
		C9A458E92C3BBC89002B3403 /* Mi MicroUITests */ = {
			isa = PBXGroup;
			children = (
				C9A458EA2C3BBC89002B3403 /* Mi_MicroUITests.swift */,
				C9A458EC2C3BBC89002B3403 /* Mi_MicroUITestsLaunchTests.swift */,
			);
			path = "Mi MicroUITests";
			sourceTree = "<group>";
		};
/* End PBXGroup section */

/* Begin PBXNativeTarget section */
		C9A458CB2C3BBC87002B3403 /* Mi Micro */ = {
			isa = PBXNativeTarget;
			buildConfigurationList = C9A458F02C3BBC89002B3403 /* Build configuration list for PBXNativeTarget "Mi Micro" */;
			buildPhases = (
				C9A458C82C3BBC87002B3403 /* Sources */,
				C9A458C92C3BBC87002B3403 /* Frameworks */,
				C9A458CA2C3BBC87002B3403 /* Resources */,
			);
			buildRules = (
			);
			dependencies = (
			);
			name = "Mi Micro";
			productName = "Mi Micro";
			productReference = C9A458CC2C3BBC87002B3403 /* Mi Micro.app */;
			productType = "com.apple.product-type.application";
		};
		C9A458DB2C3BBC89002B3403 /* Mi MicroTests */ = {
			isa = PBXNativeTarget;
			buildConfigurationList = C9A458F32C3BBC89002B3403 /* Build configuration list for PBXNativeTarget "Mi MicroTests" */;
			buildPhases = (
				C9A458D82C3BBC89002B3403 /* Sources */,
				C9A458D92C3BBC89002B3403 /* Frameworks */,
				C9A458DA2C3BBC89002B3403 /* Resources */,
			);
			buildRules = (
			);
			dependencies = (
				C9A458DE2C3BBC89002B3403 /* PBXTargetDependency */,
			);
			name = "Mi MicroTests";
			productName = "Mi MicroTests";
			productReference = C9A458DC2C3BBC89002B3403 /* Mi MicroTests.xctest */;
			productType = "com.apple.product-type.bundle.unit-test";
		};
		C9A458E52C3BBC89002B3403 /* Mi MicroUITests */ = {
			isa = PBXNativeTarget;
			buildConfigurationList = C9A458F62C3BBC89002B3403 /* Build configuration list for PBXNativeTarget "Mi MicroUITests" */;
			buildPhases = (
				C9A458E22C3BBC89002B3403 /* Sources */,
				C9A458E32C3BBC89002B3403 /* Frameworks */,
				C9A458E42C3BBC89002B3403 /* Resources */,
			);
			buildRules = (
			);
			dependencies = (
				C9A458E82C3BBC89002B3403 /* PBXTargetDependency */,
			);
			name = "Mi MicroUITests";
			productName = "Mi MicroUITests";
			productReference = C9A458E62C3BBC89002B3403 /* Mi MicroUITests.xctest */;
			productType = "com.apple.product-type.bundle.ui-testing";
		};
/* End PBXNativeTarget section */

/* Begin PBXProject section */
		C9A458C42C3BBC87002B3403 /* Project object */ = {
			isa = PBXProject;
			attributes = {
				BuildIndependentTargetsInParallel = 1;
				LastSwiftUpdateCheck = 1600;
				LastUpgradeCheck = 1600;
				TargetAttributes = {
					C9A458CB2C3BBC87002B3403 = {
						CreatedOnToolsVersion = 16.0;
					};
					C9A458DB2C3BBC89002B3403 = {
						CreatedOnToolsVersion = 16.0;
						TestTargetID = C9A458CB2C3BBC87002B3403;
					};
					C9A458E52C3BBC89002B3403 = {
						CreatedOnToolsVersion = 16.0;
						TestTargetID = C9A458CB2C3BBC87002B3403;
					};
				};
			};
			buildConfigurationList = C9A458C72C3BBC87002B3403 /* Build configuration list for PBXProject "Mi Micro" */;
			developmentRegion = en;
			hasScannedForEncodings = 0;
			knownRegions = (
				en,
				Base,
			);
			mainGroup = C9A458C32C3BBC87002B3403;
			preferredProjectObjectVersion = 73;
			productRefGroup = C9A458CD2C3BBC87002B3403 /* Products */;
			projectDirPath = "";
			projectRoot = "";
			targets = (
				C9A458CB2C3BBC87002B3403 /* Mi Micro */,
				C9A458DB2C3BBC89002B3403 /* Mi MicroTests */,
				C9A458E52C3BBC89002B3403 /* Mi MicroUITests */,
			);
		};
/* End PBXProject section */

/* Begin PBXResourcesBuildPhase section */
		C9A458CA2C3BBC87002B3403 /* Resources */ = {
			isa = PBXResourcesBuildPhase;
			buildActionMask = 2147483647;
			files = (
				C9A458FA2C3BBE87002B3403 /* README.md in Resources */,
				C9A458D72C3BBC88002B3403 /* Preview Assets.xcassets in Resources */,
				C9A458D42C3BBC88002B3403 /* Assets.xcassets in Resources */,
			);
			runOnlyForDeploymentPostprocessing = 0;
		};
		C9A458DA2C3BBC89002B3403 /* Resources */ = {
			isa = PBXResourcesBuildPhase;
			buildActionMask = 2147483647;
			files = (
			);
			runOnlyForDeploymentPostprocessing = 0;
		};
		C9A458E42C3BBC89002B3403 /* Resources */ = {
			isa = PBXResourcesBuildPhase;
			buildActionMask = 2147483647;
			files = (
			);
			runOnlyForDeploymentPostprocessing = 0;
		};
/* End PBXResourcesBuildPhase section */

/* Begin PBXSourcesBuildPhase section */
		C9A458C82C3BBC87002B3403 /* Sources */ = {
			isa = PBXSourcesBuildPhase;
			buildActionMask = 2147483647;
			files = (
				C90837B12C424F7800298241 /* ProfileView.swift in Sources */,
				C90837B32C4252C900298241 /* RoutesView.swift in Sources */,
				C9A458D22C3BBC87002B3403 /* ContentView.swift in Sources */,
				C9A458D02C3BBC87002B3403 /* Mi_MicroApp.swift in Sources */,
				C90837AF2C41994C00298241 /* MenuView.swift in Sources */,
			);
			runOnlyForDeploymentPostprocessing = 0;
		};
		C9A458D82C3BBC89002B3403 /* Sources */ = {
			isa = PBXSourcesBuildPhase;
			buildActionMask = 2147483647;
			files = (
				C9A458E12C3BBC89002B3403 /* Mi_MicroTests.swift in Sources */,
			);
			runOnlyForDeploymentPostprocessing = 0;
		};
		C9A458E22C3BBC89002B3403 /* Sources */ = {
			isa = PBXSourcesBuildPhase;
			buildActionMask = 2147483647;
			files = (
				C9A458ED2C3BBC89002B3403 /* Mi_MicroUITestsLaunchTests.swift in Sources */,
				C9A458EB2C3BBC89002B3403 /* Mi_MicroUITests.swift in Sources */,
			);
			runOnlyForDeploymentPostprocessing = 0;
		};
/* End PBXSourcesBuildPhase section */

/* Begin PBXTargetDependency section */
		C9A458DE2C3BBC89002B3403 /* PBXTargetDependency */ = {
			isa = PBXTargetDependency;
			target = C9A458CB2C3BBC87002B3403 /* Mi Micro */;
			targetProxy = C9A458DD2C3BBC89002B3403 /* PBXContainerItemProxy */;
		};
		C9A458E82C3BBC89002B3403 /* PBXTargetDependency */ = {
			isa = PBXTargetDependency;
			target = C9A458CB2C3BBC87002B3403 /* Mi Micro */;
			targetProxy = C9A458E72C3BBC89002B3403 /* PBXContainerItemProxy */;
		};
/* End PBXTargetDependency section */

/* Begin XCBuildConfiguration section */
		C9A458EE2C3BBC89002B3403 /* Debug */ = {
			isa = XCBuildConfiguration;
			buildSettings = {
				ALWAYS_SEARCH_USER_PATHS = NO;
				ASSETCATALOG_COMPILER_GENERATE_SWIFT_ASSET_SYMBOL_EXTENSIONS = YES;
				CLANG_ANALYZER_NONNULL = YES;
				CLANG_ANALYZER_NUMBER_OBJECT_CONVERSION = YES_AGGRESSIVE;
				CLANG_CXX_LANGUAGE_STANDARD = "gnu++20";
				CLANG_ENABLE_MODULES = YES;
				CLANG_ENABLE_OBJC_ARC = YES;
				CLANG_ENABLE_OBJC_WEAK = YES;
				CLANG_WARN_BLOCK_CAPTURE_AUTORELEASING = YES;
				CLANG_WARN_BOOL_CONVERSION = YES;
				CLANG_WARN_COMMA = YES;
				CLANG_WARN_CONSTANT_CONVERSION = YES;
				CLANG_WARN_DEPRECATED_OBJC_IMPLEMENTATIONS = YES;
				CLANG_WARN_DIRECT_OBJC_ISA_USAGE = YES_ERROR;
				CLANG_WARN_DOCUMENTATION_COMMENTS = YES;
				CLANG_WARN_EMPTY_BODY = YES;
				CLANG_WARN_ENUM_CONVERSION = YES;
				CLANG_WARN_INFINITE_RECURSION = YES;
				CLANG_WARN_INT_CONVERSION = YES;
				CLANG_WARN_NON_LITERAL_NULL_CONVERSION = YES;
				CLANG_WARN_OBJC_IMPLICIT_RETAIN_SELF = YES;
				CLANG_WARN_OBJC_LITERAL_CONVERSION = YES;
				CLANG_WARN_OBJC_ROOT_CLASS = YES_ERROR;
				CLANG_WARN_QUOTED_INCLUDE_IN_FRAMEWORK_HEADER = YES;
				CLANG_WARN_RANGE_LOOP_ANALYSIS = YES;
				CLANG_WARN_STRICT_PROTOTYPES = YES;
				CLANG_WARN_SUSPICIOUS_MOVE = YES;
				CLANG_WARN_UNGUARDED_AVAILABILITY = YES_AGGRESSIVE;
				CLANG_WARN_UNREACHABLE_CODE = YES;
				CLANG_WARN__DUPLICATE_METHOD_MATCH = YES;
				COPY_PHASE_STRIP = NO;
				DEBUG_INFORMATION_FORMAT = dwarf;
				ENABLE_STRICT_OBJC_MSGSEND = YES;
				ENABLE_TESTABILITY = YES;
				ENABLE_USER_SCRIPT_SANDBOXING = YES;
				GCC_C_LANGUAGE_STANDARD = gnu17;
				GCC_DYNAMIC_NO_PIC = NO;
				GCC_NO_COMMON_BLOCKS = YES;
				GCC_OPTIMIZATION_LEVEL = 0;
				GCC_PREPROCESSOR_DEFINITIONS = (
					"DEBUG=1",
					"$(inherited)",
				);
				GCC_WARN_64_TO_32_BIT_CONVERSION = YES;
				GCC_WARN_ABOUT_RETURN_TYPE = YES_ERROR;
				GCC_WARN_UNDECLARED_SELECTOR = YES;
				GCC_WARN_UNINITIALIZED_AUTOS = YES_AGGRESSIVE;
				GCC_WARN_UNUSED_FUNCTION = YES;
				GCC_WARN_UNUSED_VARIABLE = YES;
				IPHONEOS_DEPLOYMENT_TARGET = 18.0;
				LOCALIZATION_PREFERS_STRING_CATALOGS = YES;
				MTL_ENABLE_DEBUG_INFO = INCLUDE_SOURCE;
				MTL_FAST_MATH = YES;
				ONLY_ACTIVE_ARCH = YES;
				SDKROOT = iphoneos;
				SWIFT_ACTIVE_COMPILATION_CONDITIONS = "DEBUG $(inherited)";
				SWIFT_OPTIMIZATION_LEVEL = "-Onone";
			};
			name = Debug;
		};
		C9A458EF2C3BBC89002B3403 /* Release */ = {
			isa = XCBuildConfiguration;
			buildSettings = {
				ALWAYS_SEARCH_USER_PATHS = NO;
				ASSETCATALOG_COMPILER_GENERATE_SWIFT_ASSET_SYMBOL_EXTENSIONS = YES;
				CLANG_ANALYZER_NONNULL = YES;
				CLANG_ANALYZER_NUMBER_OBJECT_CONVERSION = YES_AGGRESSIVE;
				CLANG_CXX_LANGUAGE_STANDARD = "gnu++20";
				CLANG_ENABLE_MODULES = YES;
				CLANG_ENABLE_OBJC_ARC = YES;
				CLANG_ENABLE_OBJC_WEAK = YES;
				CLANG_WARN_BLOCK_CAPTURE_AUTORELEASING = YES;
				CLANG_WARN_BOOL_CONVERSION = YES;
				CLANG_WARN_COMMA = YES;
				CLANG_WARN_CONSTANT_CONVERSION = YES;
				CLANG_WARN_DEPRECATED_OBJC_IMPLEMENTATIONS = YES;
				CLANG_WARN_DIRECT_OBJC_ISA_USAGE = YES_ERROR;
				CLANG_WARN_DOCUMENTATION_COMMENTS = YES;
				CLANG_WARN_EMPTY_BODY = YES;
				CLANG_WARN_ENUM_CONVERSION = YES;
				CLANG_WARN_INFINITE_RECURSION = YES;
				CLANG_WARN_INT_CONVERSION = YES;
				CLANG_WARN_NON_LITERAL_NULL_CONVERSION = YES;
				CLANG_WARN_OBJC_IMPLICIT_RETAIN_SELF = YES;
				CLANG_WARN_OBJC_LITERAL_CONVERSION = YES;
				CLANG_WARN_OBJC_ROOT_CLASS = YES_ERROR;
				CLANG_WARN_QUOTED_INCLUDE_IN_FRAMEWORK_HEADER = YES;
				CLANG_WARN_RANGE_LOOP_ANALYSIS = YES;
				CLANG_WARN_STRICT_PROTOTYPES = YES;
				CLANG_WARN_SUSPICIOUS_MOVE = YES;
				CLANG_WARN_UNGUARDED_AVAILABILITY = YES_AGGRESSIVE;
				CLANG_WARN_UNREACHABLE_CODE = YES;
				CLANG_WARN__DUPLICATE_METHOD_MATCH = YES;
				COPY_PHASE_STRIP = NO;
				DEBUG_INFORMATION_FORMAT = "dwarf-with-dsym";
				ENABLE_NS_ASSERTIONS = NO;
				ENABLE_STRICT_OBJC_MSGSEND = YES;
				ENABLE_USER_SCRIPT_SANDBOXING = YES;
				GCC_C_LANGUAGE_STANDARD = gnu17;
				GCC_NO_COMMON_BLOCKS = YES;
				GCC_WARN_64_TO_32_BIT_CONVERSION = YES;
				GCC_WARN_ABOUT_RETURN_TYPE = YES_ERROR;
				GCC_WARN_UNDECLARED_SELECTOR = YES;
				GCC_WARN_UNINITIALIZED_AUTOS = YES_AGGRESSIVE;
				GCC_WARN_UNUSED_FUNCTION = YES;
				GCC_WARN_UNUSED_VARIABLE = YES;
				IPHONEOS_DEPLOYMENT_TARGET = 18.0;
				LOCALIZATION_PREFERS_STRING_CATALOGS = YES;
				MTL_ENABLE_DEBUG_INFO = NO;
				MTL_FAST_MATH = YES;
				SDKROOT = iphoneos;
				SWIFT_COMPILATION_MODE = wholemodule;
				VALIDATE_PRODUCT = YES;
			};
			name = Release;
		};
		C9A458F12C3BBC89002B3403 /* Debug */ = {
			isa = XCBuildConfiguration;
			buildSettings = {
				ASSETCATALOG_COMPILER_APPICON_NAME = AppIcon;
				ASSETCATALOG_COMPILER_GLOBAL_ACCENT_COLOR_NAME = AccentColor;
				CODE_SIGN_ENTITLEMENTS = "Mi Micro/Mi Micro.entitlements";
				CODE_SIGN_STYLE = Automatic;
				CURRENT_PROJECT_VERSION = 1;
				DEVELOPMENT_ASSET_PATHS = "\"Mi Micro/Preview Content\"";
				DEVELOPMENT_TEAM = L3NSFVB5U9;
				ENABLE_PREVIEWS = YES;
				GENERATE_INFOPLIST_FILE = YES;
				INFOPLIST_FILE = "Mi-Micro-Info.plist";
				INFOPLIST_KEY_NSLocationAlwaysAndWhenInUseUsageDescription = "$(PRODUCT_NAME)";
				INFOPLIST_KEY_UIApplicationSceneManifest_Generation = YES;
				INFOPLIST_KEY_UIApplicationSupportsIndirectInputEvents = YES;
				INFOPLIST_KEY_UILaunchScreen_Generation = YES;
				INFOPLIST_KEY_UIRequiresFullScreen = NO;
				INFOPLIST_KEY_UIStatusBarStyle = "";
				INFOPLIST_KEY_UISupportedInterfaceOrientations_iPad = "UIInterfaceOrientationPortrait UIInterfaceOrientationPortraitUpsideDown UIInterfaceOrientationLandscapeLeft UIInterfaceOrientationLandscapeRight";
				INFOPLIST_KEY_UISupportedInterfaceOrientations_iPhone = "UIInterfaceOrientationPortrait UIInterfaceOrientationLandscapeLeft UIInterfaceOrientationLandscapeRight";
				LD_RUNPATH_SEARCH_PATHS = (
					"$(inherited)",
					"@executable_path/Frameworks",
				);
				MARKETING_VERSION = 1.0;
				PRODUCT_BUNDLE_IDENTIFIER = "RicardoNieblas.Mi-Micro";
				PRODUCT_NAME = "$(TARGET_NAME)";
				SWIFT_EMIT_LOC_STRINGS = YES;
				SWIFT_VERSION = 6.0;
				TARGETED_DEVICE_FAMILY = "1,2";
			};
			name = Debug;
		};
		C9A458F22C3BBC89002B3403 /* Release */ = {
			isa = XCBuildConfiguration;
			buildSettings = {
				ASSETCATALOG_COMPILER_APPICON_NAME = AppIcon;
				ASSETCATALOG_COMPILER_GLOBAL_ACCENT_COLOR_NAME = AccentColor;
				CODE_SIGN_ENTITLEMENTS = "Mi Micro/Mi Micro.entitlements";
				CODE_SIGN_STYLE = Automatic;
				CURRENT_PROJECT_VERSION = 1;
				DEVELOPMENT_ASSET_PATHS = "\"Mi Micro/Preview Content\"";
				DEVELOPMENT_TEAM = L3NSFVB5U9;
				ENABLE_PREVIEWS = YES;
				GENERATE_INFOPLIST_FILE = YES;
				INFOPLIST_FILE = "Mi-Micro-Info.plist";
				INFOPLIST_KEY_NSLocationAlwaysAndWhenInUseUsageDescription = "$(PRODUCT_NAME)";
				INFOPLIST_KEY_UIApplicationSceneManifest_Generation = YES;
				INFOPLIST_KEY_UIApplicationSupportsIndirectInputEvents = YES;
				INFOPLIST_KEY_UILaunchScreen_Generation = YES;
				INFOPLIST_KEY_UIRequiresFullScreen = NO;
				INFOPLIST_KEY_UIStatusBarStyle = "";
				INFOPLIST_KEY_UISupportedInterfaceOrientations_iPad = "UIInterfaceOrientationPortrait UIInterfaceOrientationPortraitUpsideDown UIInterfaceOrientationLandscapeLeft UIInterfaceOrientationLandscapeRight";
				INFOPLIST_KEY_UISupportedInterfaceOrientations_iPhone = "UIInterfaceOrientationPortrait UIInterfaceOrientationLandscapeLeft UIInterfaceOrientationLandscapeRight";
				LD_RUNPATH_SEARCH_PATHS = (
					"$(inherited)",
					"@executable_path/Frameworks",
				);
				MARKETING_VERSION = 1.0;
				PRODUCT_BUNDLE_IDENTIFIER = "RicardoNieblas.Mi-Micro";
				PRODUCT_NAME = "$(TARGET_NAME)";
				SWIFT_EMIT_LOC_STRINGS = YES;
				SWIFT_VERSION = 6.0;
				TARGETED_DEVICE_FAMILY = "1,2";
			};
			name = Release;
		};
		C9A458F42C3BBC89002B3403 /* Debug */ = {
			isa = XCBuildConfiguration;
			buildSettings = {
				BUNDLE_LOADER = "$(TEST_HOST)";
				CODE_SIGN_STYLE = Automatic;
				CURRENT_PROJECT_VERSION = 1;
				DEVELOPMENT_TEAM = L3NSFVB5U9;
				GENERATE_INFOPLIST_FILE = YES;
				IPHONEOS_DEPLOYMENT_TARGET = 18.0;
				MARKETING_VERSION = 1.0;
				PRODUCT_BUNDLE_IDENTIFIER = "RicardoNieblas.Mi-MicroTests";
				PRODUCT_NAME = "$(TARGET_NAME)";
				SWIFT_EMIT_LOC_STRINGS = NO;
				SWIFT_VERSION = 5.0;
				TARGETED_DEVICE_FAMILY = "1,2";
				TEST_HOST = "$(BUILT_PRODUCTS_DIR)/Mi Micro.app/$(BUNDLE_EXECUTABLE_FOLDER_PATH)/Mi Micro";
			};
			name = Debug;
		};
		C9A458F52C3BBC89002B3403 /* Release */ = {
			isa = XCBuildConfiguration;
			buildSettings = {
				BUNDLE_LOADER = "$(TEST_HOST)";
				CODE_SIGN_STYLE = Automatic;
				CURRENT_PROJECT_VERSION = 1;
				DEVELOPMENT_TEAM = L3NSFVB5U9;
				GENERATE_INFOPLIST_FILE = YES;
				IPHONEOS_DEPLOYMENT_TARGET = 18.0;
				MARKETING_VERSION = 1.0;
				PRODUCT_BUNDLE_IDENTIFIER = "RicardoNieblas.Mi-MicroTests";
				PRODUCT_NAME = "$(TARGET_NAME)";
				SWIFT_EMIT_LOC_STRINGS = NO;
				SWIFT_VERSION = 5.0;
				TARGETED_DEVICE_FAMILY = "1,2";
				TEST_HOST = "$(BUILT_PRODUCTS_DIR)/Mi Micro.app/$(BUNDLE_EXECUTABLE_FOLDER_PATH)/Mi Micro";
			};
			name = Release;
		};
		C9A458F72C3BBC89002B3403 /* Debug */ = {
			isa = XCBuildConfiguration;
			buildSettings = {
				CODE_SIGN_STYLE = Automatic;
				CURRENT_PROJECT_VERSION = 1;
				DEVELOPMENT_TEAM = L3NSFVB5U9;
				GENERATE_INFOPLIST_FILE = YES;
				MARKETING_VERSION = 1.0;
				PRODUCT_BUNDLE_IDENTIFIER = "RicardoNieblas.Mi-MicroUITests";
				PRODUCT_NAME = "$(TARGET_NAME)";
				SWIFT_EMIT_LOC_STRINGS = NO;
				SWIFT_VERSION = 5.0;
				TARGETED_DEVICE_FAMILY = "1,2";
				TEST_TARGET_NAME = "Mi Micro";
			};
			name = Debug;
		};
		C9A458F82C3BBC89002B3403 /* Release */ = {
			isa = XCBuildConfiguration;
			buildSettings = {
				CODE_SIGN_STYLE = Automatic;
				CURRENT_PROJECT_VERSION = 1;
				DEVELOPMENT_TEAM = L3NSFVB5U9;
				GENERATE_INFOPLIST_FILE = YES;
				MARKETING_VERSION = 1.0;
				PRODUCT_BUNDLE_IDENTIFIER = "RicardoNieblas.Mi-MicroUITests";
				PRODUCT_NAME = "$(TARGET_NAME)";
				SWIFT_EMIT_LOC_STRINGS = NO;
				SWIFT_VERSION = 5.0;
				TARGETED_DEVICE_FAMILY = "1,2";
				TEST_TARGET_NAME = "Mi Micro";
			};
			name = Release;
		};
/* End XCBuildConfiguration section */

/* Begin XCConfigurationList section */
		C9A458C72C3BBC87002B3403 /* Build configuration list for PBXProject "Mi Micro" */ = {
			isa = XCConfigurationList;
			buildConfigurations = (
				C9A458EE2C3BBC89002B3403 /* Debug */,
				C9A458EF2C3BBC89002B3403 /* Release */,
			);
			defaultConfigurationIsVisible = 0;
			defaultConfigurationName = Release;
		};
		C9A458F02C3BBC89002B3403 /* Build configuration list for PBXNativeTarget "Mi Micro" */ = {
			isa = XCConfigurationList;
			buildConfigurations = (
				C9A458F12C3BBC89002B3403 /* Debug */,
				C9A458F22C3BBC89002B3403 /* Release */,
			);
			defaultConfigurationIsVisible = 0;
			defaultConfigurationName = Release;
		};
		C9A458F32C3BBC89002B3403 /* Build configuration list for PBXNativeTarget "Mi MicroTests" */ = {
			isa = XCConfigurationList;
			buildConfigurations = (
				C9A458F42C3BBC89002B3403 /* Debug */,
				C9A458F52C3BBC89002B3403 /* Release */,
			);
			defaultConfigurationIsVisible = 0;
			defaultConfigurationName = Release;
		};
		C9A458F62C3BBC89002B3403 /* Build configuration list for PBXNativeTarget "Mi MicroUITests" */ = {
			isa = XCConfigurationList;
			buildConfigurations = (
				C9A458F72C3BBC89002B3403 /* Debug */,
				C9A458F82C3BBC89002B3403 /* Release */,
			);
			defaultConfigurationIsVisible = 0;
			defaultConfigurationName = Release;
		};
/* End XCConfigurationList section */
	};
	rootObject = C9A458C42C3BBC87002B3403 /* Project object */;
}
